
Microsoft Visual Studio Solution File, Format Version 12.00
# Visual Studio Version 17
VisualStudioVersion = 17.14.37314.3 d17.14
MinimumVisualStudioVersion = 10.0.40219.1
Project("{FAE04EC0-301F-11D3-BF4B-00C04F79EFBC}") = "DrugiProjekat", "DrugiProjekat.csproj", "{72456E88-7979-4FA0-9E1A-72EF3DC8F2CA}"
EndProject
Global
	GlobalSection(SolutionConfigurationPlatforms) = preSolution
		Debug|Any CPU = Debug|Any CPU
		Release|Any CPU = Release|Any CPU
	EndGlobalSection
	GlobalSection(ProjectConfigurationPlatforms) = postSolution
		{72456E88-7979-4FA0-9E1A-72EF3DC8F2CA}.Debug|Any CPU.ActiveCfg = Debug|Any CPU
		{72456E88-7979-4FA0-9E1A-72EF3DC8F2CA}.Debug|Any CPU.Build.0 = Debug|Any CPU
		{72456E88-7979-4FA0-9E1A-72EF3DC8F2CA}.Release|Any CPU.ActiveCfg = Release|Any CPU
		{72456E88-7979-4FA0-9E1A-72EF3DC8F2CA}.Release|Any CPU.Build.0 = Release|Any CPU
	EndGlobalSection
	GlobalSection(SolutionProperties) = preSolution
		HideSolutionNode = FALSE
	EndGlobalSection
	GlobalSection(ExtensibilityGlobals) = postSolution
		SolutionGuid = {197A85D8-01FF-42F0-B5AA-8FA2E24D5362}
	EndGlobalSection
EndGlobal
